
Microsoft Visual Studio Solution File, Format Version 12.00
# Visual Studio Version 17
VisualStudioVersion = 17.0.31903.59
MinimumVisualStudioVersion = 10.0.40219.1
Project("{2150E333-8FDC-42A3-9474-1A3956D46DE8}") = "accruals", "accruals", "{E84B025A-C398-582C-758C-E28A516F3CE2}"
EndProject
Project("{FAE04EC0-301F-11D3-BF4B-00C04F79EFBC}") = "Domoplat.Accruals.Api", "accruals\Domoplat.Accruals.Api\Domoplat.Accruals.Api.csproj", "{19B37CD2-6CF1-48C3-8341-B796D0D3EE33}"
EndProject
Project("{FAE04EC0-301F-11D3-BF4B-00C04F79EFBC}") = "Domoplat.Accruals.Application", "accruals\Domoplat.Accruals.Application\Domoplat.Accruals.Application.csproj", "{6BC38721-F3BC-49E3-B996-4AFA2399D747}"
EndProject
Project("{FAE04EC0-301F-11D3-BF4B-00C04F79EFBC}") = "Domoplat.Accruals.Contracts", "accruals\Domoplat.Accruals.Contracts\Domoplat.Accruals.Contracts.csproj", "{EBBE3BEB-1EC3-4902-80B3-AD50F73A59A3}"
EndProject
Project("{FAE04EC0-301F-11D3-BF4B-00C04F79EFBC}") = "Domoplat.Accruals.Database", "accruals\Domoplat.Accruals.Database\Domoplat.Accruals.Database.csproj", "{1AEED15A-59B5-4D92-85D5-42E7DAF6EBB9}"
EndProject
Project("{FAE04EC0-301F-11D3-BF4B-00C04F79EFBC}") = "Domoplat.Accruals.Entities", "accruals\Domoplat.Accruals.Entities\Domoplat.Accruals.Entities.csproj", "{C3A0D482-1E83-4BE9-9C81-5DE24C2E0783}"
EndProject
Project("{2150E333-8FDC-42A3-9474-1A3956D46DE8}") = "devices", "devices", "{1C9E181A-E047-F5C3-6F10-91250C703163}"
EndProject
Project("{FAE04EC0-301F-11D3-BF4B-00C04F79EFBC}") = "Domoplat.Devices.Api", "devices\Domoplat.Devices.Api\Domoplat.Devices.Api.csproj", "{86398E11-F80C-45FE-A572-00B855672E51}"
EndProject
Project("{FAE04EC0-301F-11D3-BF4B-00C04F79EFBC}") = "Domoplat.Devices.Application", "devices\Domoplat.Devices.Application\Domoplat.Devices.Application.csproj", "{65AA9543-1AEE-4E15-9E0D-9D60E75ED686}"
EndProject
Project("{FAE04EC0-301F-11D3-BF4B-00C04F79EFBC}") = "Domoplat.Devices.Contracts", "devices\Domoplat.Devices.Contracts\Domoplat.Devices.Contracts.csproj", "{5545D8DA-9866-460E-9BEF-9744E225848A}"
EndProject
Project("{FAE04EC0-301F-11D3-BF4B-00C04F79EFBC}") = "Domoplat.Devices.Database", "devices\Domoplat.Devices.Database\Domoplat.Devices.Database.csproj", "{D2483BF9-CFD9-4D7A-AAD7-1161330D626C}"
EndProject
Project("{FAE04EC0-301F-11D3-BF4B-00C04F79EFBC}") = "Domoplat.Devices.Entities", "devices\Domoplat.Devices.Entities\Domoplat.Devices.Entities.csproj", "{CE84E4E4-5098-4204-AD72-E245518E12DD}"
EndProject
Project("{2150E333-8FDC-42A3-9474-1A3956D46DE8}") = "identity", "identity", "{2FA89949-C014-61E3-9766-4043502A0423}"
EndProject
Project("{FAE04EC0-301F-11D3-BF4B-00C04F79EFBC}") = "Domoplat.Identity.Api", "identity\Domoplat.Identity.Api\Domoplat.Identity.Api.csproj", "{FE3C6165-5A04-4EF4-AFC4-BC87AE1260DE}"
EndProject
Project("{FAE04EC0-301F-11D3-BF4B-00C04F79EFBC}") = "Domoplat.Identity.Application", "identity\Domoplat.Identity.Application\Domoplat.Identity.Application.csproj", "{8D202119-BBCE-42D1-A543-1BA935F53F12}"
EndProject
Project("{FAE04EC0-301F-11D3-BF4B-00C04F79EFBC}") = "Domoplat.Identity.Contracts", "identity\Domoplat.Identity.Contracts\Domoplat.Identity.Contracts.csproj", "{F3F9E4E1-DADB-4697-A9FB-D9FD08A0131C}"
EndProject
Project("{FAE04EC0-301F-11D3-BF4B-00C04F79EFBC}") = "Domoplat.Identity.Database", "identity\Domoplat.Identity.Database\Domoplat.Identity.Database.csproj", "{91014B31-91EC-437A-B9A7-1CDB688F81F2}"
EndProject
Project("{FAE04EC0-301F-11D3-BF4B-00C04F79EFBC}") = "Domoplat.Identity.Entities", "identity\Domoplat.Identity.Entities\Domoplat.Identity.Entities.csproj", "{0274D62E-CAEB-4E86-8453-E307C7ECD404}"
EndProject
Project("{2150E333-8FDC-42A3-9474-1A3956D46DE8}") = "tariffs", "tariffs", "{D98BC23F-492A-5506-B73E-7CEF4FADE9CA}"
EndProject
Project("{FAE04EC0-301F-11D3-BF4B-00C04F79EFBC}") = "Domoplat.Tariffs.Api", "tariffs\Domoplat.Tariffs.Api\Domoplat.Tariffs.Api.csproj", "{ED9A9E3F-5E35-4521-920A-1B4434C4FA09}"
EndProject
Project("{FAE04EC0-301F-11D3-BF4B-00C04F79EFBC}") = "Domoplat.Tariffs.Application", "tariffs\Domoplat.Tariffs.Application\Domoplat.Tariffs.Application.csproj", "{78D98754-9B65-488B-801B-3B2A1432495D}"
EndProject
Project("{FAE04EC0-301F-11D3-BF4B-00C04F79EFBC}") = "Domoplat.Tariffs.Contracts", "tariffs\Domoplat.Tariffs.Contracts\Domoplat.Tariffs.Contracts.csproj", "{21E7C9B7-E3A6-47E2-9421-30118A564C12}"
EndProject
Project("{FAE04EC0-301F-11D3-BF4B-00C04F79EFBC}") = "Domoplat.Tariffs.Database", "tariffs\Domoplat.Tariffs.Database\Domoplat.Tariffs.Database.csproj", "{E59F3BCA-07D9-4EC4-A5CA-D65EBDB4237D}"
EndProject
Project("{FAE04EC0-301F-11D3-BF4B-00C04F79EFBC}") = "Domoplat.Tariffs.Entities", "tariffs\Domoplat.Tariffs.Entities\Domoplat.Tariffs.Entities.csproj", "{77AA72DC-A346-4948-BCB8-43C5ADDF4F1B}"
EndProject
Project("{2150E333-8FDC-42A3-9474-1A3956D46DE8}") = "notifications", "notifications", "{C30EA34C-96E3-EEAB-A84E-085AED71DD06}"
EndProject
Project("{FAE04EC0-301F-11D3-BF4B-00C04F79EFBC}") = "Domoplat.Notifications.Api", "notifications\Domoplat.Notifications.Api\Domoplat.Notifications.Api.csproj", "{65275E8F-FA9C-45FF-B8A6-1698160B7C04}"
EndProject
Project("{FAE04EC0-301F-11D3-BF4B-00C04F79EFBC}") = "Domoplat.Notifications.Application", "notifications\Domoplat.Notifications.Application\Domoplat.Notifications.Application.csproj", "{7F77E8D5-D55B-400A-8092-C77009D95661}"
EndProject
Project("{FAE04EC0-301F-11D3-BF4B-00C04F79EFBC}") = "Domoplat.Notifications.Contracts", "notifications\Domoplat.Notifications.Contracts\Domoplat.Notifications.Contracts.csproj", "{15691465-DDA2-4E08-A57B-57D292BF35E9}"
EndProject
Project("{FAE04EC0-301F-11D3-BF4B-00C04F79EFBC}") = "Domoplat.Notifications.Database", "notifications\Domoplat.Notifications.Database\Domoplat.Notifications.Database.csproj", "{782BFFA4-8BEB-4ADB-B108-BD532CF7C8D8}"
EndProject
Project("{FAE04EC0-301F-11D3-BF4B-00C04F79EFBC}") = "Domoplat.Notifications.Entities", "notifications\Domoplat.Notifications.Entities\Domoplat.Notifications.Entities.csproj", "{3C32690D-EBC9-4E4B-B33B-AF53BD8376F9}"
EndProject
Project("{2150E333-8FDC-42A3-9474-1A3956D46DE8}") = "backend-libraries", "backend-libraries", "{0052D9BC-1191-A0B5-3A4C-B2AB5C95B765}"
EndProject
Project("{FAE04EC0-301F-11D3-BF4B-00C04F79EFBC}") = "Domoplat.System.Database", "backend-libraries\Domoplat.System.Database\Domoplat.System.Database.csproj", "{1CCB305F-9195-4FA9-BBFC-896DC93E9123}"
EndProject
Project("{FAE04EC0-301F-11D3-BF4B-00C04F79EFBC}") = "Domoplat.System.MessageQueue", "Domoplat.System.MessageQueue\Domoplat.System.MessageQueue.csproj", "{E6602165-ACF9-4579-80CC-9F6406E3FE42}"
EndProject
Project("{2150E333-8FDC-42A3-9474-1A3956D46DE8}") = "solution-props", "solution-props", "{B894C380-AA93-4211-BE5C-439674822DBE}"
	ProjectSection(SolutionItems) = preProject
		parent.props = parent.props
	EndProjectSection
EndProject
Global
	GlobalSection(SolutionConfigurationPlatforms) = preSolution
		Debug|Any CPU = Debug|Any CPU
		Debug|x64 = Debug|x64
		Debug|x86 = Debug|x86
		Release|Any CPU = Release|Any CPU
		Release|x64 = Release|x64
		Release|x86 = Release|x86
	EndGlobalSection
	GlobalSection(ProjectConfigurationPlatforms) = postSolution
		{19B37CD2-6CF1-48C3-8341-B796D0D3EE33}.Debug|Any CPU.ActiveCfg = Debug|Any CPU
		{19B37CD2-6CF1-48C3-8341-B796D0D3EE33}.Debug|Any CPU.Build.0 = Debug|Any CPU
		{19B37CD2-6CF1-48C3-8341-B796D0D3EE33}.Debug|x64.ActiveCfg = Debug|Any CPU
		{19B37CD2-6CF1-48C3-8341-B796D0D3EE33}.Debug|x64.Build.0 = Debug|Any CPU
		{19B37CD2-6CF1-48C3-8341-B796D0D3EE33}.Debug|x86.ActiveCfg = Debug|Any CPU
		{19B37CD2-6CF1-48C3-8341-B796D0D3EE33}.Debug|x86.Build.0 = Debug|Any CPU
		{19B37CD2-6CF1-48C3-8341-B796D0D3EE33}.Release|Any CPU.ActiveCfg = Release|Any CPU
		{19B37CD2-6CF1-48C3-8341-B796D0D3EE33}.Release|Any CPU.Build.0 = Release|Any CPU
		{19B37CD2-6CF1-48C3-8341-B796D0D3EE33}.Release|x64.ActiveCfg = Release|Any CPU
		{19B37CD2-6CF1-48C3-8341-B796D0D3EE33}.Release|x64.Build.0 = Release|Any CPU
		{19B37CD2-6CF1-48C3-8341-B796D0D3EE33}.Release|x86.ActiveCfg = Release|Any CPU
		{19B37CD2-6CF1-48C3-8341-B796D0D3EE33}.Release|x86.Build.0 = Release|Any CPU
		{6BC38721-F3BC-49E3-B996-4AFA2399D747}.Debug|Any CPU.ActiveCfg = Debug|Any CPU
		{6BC38721-F3BC-49E3-B996-4AFA2399D747}.Debug|Any CPU.Build.0 = Debug|Any CPU
		{6BC38721-F3BC-49E3-B996-4AFA2399D747}.Debug|x64.ActiveCfg = Debug|Any CPU
		{6BC38721-F3BC-49E3-B996-4AFA2399D747}.Debug|x64.Build.0 = Debug|Any CPU
		{6BC38721-F3BC-49E3-B996-4AFA2399D747}.Debug|x86.ActiveCfg = Debug|Any CPU
		{6BC38721-F3BC-49E3-B996-4AFA2399D747}.Debug|x86.Build.0 = Debug|Any CPU
		{6BC38721-F3BC-49E3-B996-4AFA2399D747}.Release|Any CPU.ActiveCfg = Release|Any CPU
		{6BC38721-F3BC-49E3-B996-4AFA2399D747}.Release|Any CPU.Build.0 = Release|Any CPU
		{6BC38721-F3BC-49E3-B996-4AFA2399D747}.Release|x64.ActiveCfg = Release|Any CPU
		{6BC38721-F3BC-49E3-B996-4AFA2399D747}.Release|x64.Build.0 = Release|Any CPU
		{6BC38721-F3BC-49E3-B996-4AFA2399D747}.Release|x86.ActiveCfg = Release|Any CPU
		{6BC38721-F3BC-49E3-B996-4AFA2399D747}.Release|x86.Build.0 = Release|Any CPU
		{EBBE3BEB-1EC3-4902-80B3-AD50F73A59A3}.Debug|Any CPU.ActiveCfg = Debug|Any CPU
		{EBBE3BEB-1EC3-4902-80B3-AD50F73A59A3}.Debug|Any CPU.Build.0 = Debug|Any CPU
		{EBBE3BEB-1EC3-4902-80B3-AD50F73A59A3}.Debug|x64.ActiveCfg = Debug|Any CPU
		{EBBE3BEB-1EC3-4902-80B3-AD50F73A59A3}.Debug|x64.Build.0 = Debug|Any CPU
		{EBBE3BEB-1EC3-4902-80B3-AD50F73A59A3}.Debug|x86.ActiveCfg = Debug|Any CPU
		{EBBE3BEB-1EC3-4902-80B3-AD50F73A59A3}.Debug|x86.Build.0 = Debug|Any CPU
		{EBBE3BEB-1EC3-4902-80B3-AD50F73A59A3}.Release|Any CPU.ActiveCfg = Release|Any CPU
		{EBBE3BEB-1EC3-4902-80B3-AD50F73A59A3}.Release|Any CPU.Build.0 = Release|Any CPU
		{EBBE3BEB-1EC3-4902-80B3-AD50F73A59A3}.Release|x64.ActiveCfg = Release|Any CPU
		{EBBE3BEB-1EC3-4902-80B3-AD50F73A59A3}.Release|x64.Build.0 = Release|Any CPU
		{EBBE3BEB-1EC3-4902-80B3-AD50F73A59A3}.Release|x86.ActiveCfg = Release|Any CPU
		{EBBE3BEB-1EC3-4902-80B3-AD50F73A59A3}.Release|x86.Build.0 = Release|Any CPU
		{1AEED15A-59B5-4D92-85D5-42E7DAF6EBB9}.Debug|Any CPU.ActiveCfg = Debug|Any CPU
		{1AEED15A-59B5-4D92-85D5-42E7DAF6EBB9}.Debug|Any CPU.Build.0 = Debug|Any CPU
		{1AEED15A-59B5-4D92-85D5-42E7DAF6EBB9}.Debug|x64.ActiveCfg = Debug|Any CPU
		{1AEED15A-59B5-4D92-85D5-42E7DAF6EBB9}.Debug|x64.Build.0 = Debug|Any CPU
		{1AEED15A-59B5-4D92-85D5-42E7DAF6EBB9}.Debug|x86.ActiveCfg = Debug|Any CPU
		{1AEED15A-59B5-4D92-85D5-42E7DAF6EBB9}.Debug|x86.Build.0 = Debug|Any CPU
		{1AEED15A-59B5-4D92-85D5-42E7DAF6EBB9}.Release|Any CPU.ActiveCfg = Release|Any CPU
		{1AEED15A-59B5-4D92-85D5-42E7DAF6EBB9}.Release|Any CPU.Build.0 = Release|Any CPU
		{1AEED15A-59B5-4D92-85D5-42E7DAF6EBB9}.Release|x64.ActiveCfg = Release|Any CPU
		{1AEED15A-59B5-4D92-85D5-42E7DAF6EBB9}.Release|x64.Build.0 = Release|Any CPU
		{1AEED15A-59B5-4D92-85D5-42E7DAF6EBB9}.Release|x86.ActiveCfg = Release|Any CPU
		{1AEED15A-59B5-4D92-85D5-42E7DAF6EBB9}.Release|x86.Build.0 = Release|Any CPU
		{C3A0D482-1E83-4BE9-9C81-5DE24C2E0783}.Debug|Any CPU.ActiveCfg = Debug|Any CPU
		{C3A0D482-1E83-4BE9-9C81-5DE24C2E0783}.Debug|Any CPU.Build.0 = Debug|Any CPU
		{C3A0D482-1E83-4BE9-9C81-5DE24C2E0783}.Debug|x64.ActiveCfg = Debug|Any CPU
		{C3A0D482-1E83-4BE9-9C81-5DE24C2E0783}.Debug|x64.Build.0 = Debug|Any CPU
		{C3A0D482-1E83-4BE9-9C81-5DE24C2E0783}.Debug|x86.ActiveCfg = Debug|Any CPU
		{C3A0D482-1E83-4BE9-9C81-5DE24C2E0783}.Debug|x86.Build.0 = Debug|Any CPU
		{C3A0D482-1E83-4BE9-9C81-5DE24C2E0783}.Release|Any CPU.ActiveCfg = Release|Any CPU
		{C3A0D482-1E83-4BE9-9C81-5DE24C2E0783}.Release|Any CPU.Build.0 = Release|Any CPU
		{C3A0D482-1E83-4BE9-9C81-5DE24C2E0783}.Release|x64.ActiveCfg = Release|Any CPU
		{C3A0D482-1E83-4BE9-9C81-5DE24C2E0783}.Release|x64.Build.0 = Release|Any CPU
		{C3A0D482-1E83-4BE9-9C81-5DE24C2E0783}.Release|x86.ActiveCfg = Release|Any CPU
		{C3A0D482-1E83-4BE9-9C81-5DE24C2E0783}.Release|x86.Build.0 = Release|Any CPU
		{86398E11-F80C-45FE-A572-00B855672E51}.Debug|Any CPU.ActiveCfg = Debug|Any CPU
		{86398E11-F80C-45FE-A572-00B855672E51}.Debug|Any CPU.Build.0 = Debug|Any CPU
		{86398E11-F80C-45FE-A572-00B855672E51}.Debug|x64.ActiveCfg = Debug|Any CPU
		{86398E11-F80C-45FE-A572-00B855672E51}.Debug|x64.Build.0 = Debug|Any CPU
		{86398E11-F80C-45FE-A572-00B855672E51}.Debug|x86.ActiveCfg = Debug|Any CPU
		{86398E11-F80C-45FE-A572-00B855672E51}.Debug|x86.Build.0 = Debug|Any CPU
		{86398E11-F80C-45FE-A572-00B855672E51}.Release|Any CPU.ActiveCfg = Release|Any CPU
		{86398E11-F80C-45FE-A572-00B855672E51}.Release|Any CPU.Build.0 = Release|Any CPU
		{86398E11-F80C-45FE-A572-00B855672E51}.Release|x64.ActiveCfg = Release|Any CPU
		{86398E11-F80C-45FE-A572-00B855672E51}.Release|x64.Build.0 = Release|Any CPU
		{86398E11-F80C-45FE-A572-00B855672E51}.Release|x86.ActiveCfg = Release|Any CPU
		{86398E11-F80C-45FE-A572-00B855672E51}.Release|x86.Build.0 = Release|Any CPU
		{65AA9543-1AEE-4E15-9E0D-9D60E75ED686}.Debug|Any CPU.ActiveCfg = Debug|Any CPU
		{65AA9543-1AEE-4E15-9E0D-9D60E75ED686}.Debug|Any CPU.Build.0 = Debug|Any CPU
		{65AA9543-1AEE-4E15-9E0D-9D60E75ED686}.Debug|x64.ActiveCfg = Debug|Any CPU
		{65AA9543-1AEE-4E15-9E0D-9D60E75ED686}.Debug|x64.Build.0 = Debug|Any CPU
		{65AA9543-1AEE-4E15-9E0D-9D60E75ED686}.Debug|x86.ActiveCfg = Debug|Any CPU
		{65AA9543-1AEE-4E15-9E0D-9D60E75ED686}.Debug|x86.Build.0 = Debug|Any CPU
		{65AA9543-1AEE-4E15-9E0D-9D60E75ED686}.Release|Any CPU.ActiveCfg = Release|Any CPU
		{65AA9543-1AEE-4E15-9E0D-9D60E75ED686}.Release|Any CPU.Build.0 = Release|Any CPU
		{65AA9543-1AEE-4E15-9E0D-9D60E75ED686}.Release|x64.ActiveCfg = Release|Any CPU
		{65AA9543-1AEE-4E15-9E0D-9D60E75ED686}.Release|x64.Build.0 = Release|Any CPU
		{65AA9543-1AEE-4E15-9E0D-9D60E75ED686}.Release|x86.ActiveCfg = Release|Any CPU
		{65AA9543-1AEE-4E15-9E0D-9D60E75ED686}.Release|x86.Build.0 = Release|Any CPU
		{5545D8DA-9866-460E-9BEF-9744E225848A}.Debug|Any CPU.ActiveCfg = Debug|Any CPU
		{5545D8DA-9866-460E-9BEF-9744E225848A}.Debug|Any CPU.Build.0 = Debug|Any CPU
		{5545D8DA-9866-460E-9BEF-9744E225848A}.Debug|x64.ActiveCfg = Debug|Any CPU
		{5545D8DA-9866-460E-9BEF-9744E225848A}.Debug|x64.Build.0 = Debug|Any CPU
		{5545D8DA-9866-460E-9BEF-9744E225848A}.Debug|x86.ActiveCfg = Debug|Any CPU
		{5545D8DA-9866-460E-9BEF-9744E225848A}.Debug|x86.Build.0 = Debug|Any CPU
		{5545D8DA-9866-460E-9BEF-9744E225848A}.Release|Any CPU.ActiveCfg = Release|Any CPU
		{5545D8DA-9866-460E-9BEF-9744E225848A}.Release|Any CPU.Build.0 = Release|Any CPU
		{5545D8DA-9866-460E-9BEF-9744E225848A}.Release|x64.ActiveCfg = Release|Any CPU
		{5545D8DA-9866-460E-9BEF-9744E225848A}.Release|x64.Build.0 = Release|Any CPU
		{5545D8DA-9866-460E-9BEF-9744E225848A}.Release|x86.ActiveCfg = Release|Any CPU
		{5545D8DA-9866-460E-9BEF-9744E225848A}.Release|x86.Build.0 = Release|Any CPU
		{D2483BF9-CFD9-4D7A-AAD7-1161330D626C}.Debug|Any CPU.ActiveCfg = Debug|Any CPU
		{D2483BF9-CFD9-4D7A-AAD7-1161330D626C}.Debug|Any CPU.Build.0 = Debug|Any CPU
		{D2483BF9-CFD9-4D7A-AAD7-1161330D626C}.Debug|x64.ActiveCfg = Debug|Any CPU
		{D2483BF9-CFD9-4D7A-AAD7-1161330D626C}.Debug|x64.Build.0 = Debug|Any CPU
		{D2483BF9-CFD9-4D7A-AAD7-1161330D626C}.Debug|x86.ActiveCfg = Debug|Any CPU
		{D2483BF9-CFD9-4D7A-AAD7-1161330D626C}.Debug|x86.Build.0 = Debug|Any CPU
		{D2483BF9-CFD9-4D7A-AAD7-1161330D626C}.Release|Any CPU.ActiveCfg = Release|Any CPU
		{D2483BF9-CFD9-4D7A-AAD7-1161330D626C}.Release|Any CPU.Build.0 = Release|Any CPU
		{D2483BF9-CFD9-4D7A-AAD7-1161330D626C}.Release|x64.ActiveCfg = Release|Any CPU
		{D2483BF9-CFD9-4D7A-AAD7-1161330D626C}.Release|x64.Build.0 = Release|Any CPU
		{D2483BF9-CFD9-4D7A-AAD7-1161330D626C}.Release|x86.ActiveCfg = Release|Any CPU
		{D2483BF9-CFD9-4D7A-AAD7-1161330D626C}.Release|x86.Build.0 = Release|Any CPU
		{CE84E4E4-5098-4204-AD72-E245518E12DD}.Debug|Any CPU.ActiveCfg = Debug|Any CPU
		{CE84E4E4-5098-4204-AD72-E245518E12DD}.Debug|Any CPU.Build.0 = Debug|Any CPU
		{CE84E4E4-5098-4204-AD72-E245518E12DD}.Debug|x64.ActiveCfg = Debug|Any CPU
		{CE84E4E4-5098-4204-AD72-E245518E12DD}.Debug|x64.Build.0 = Debug|Any CPU
		{CE84E4E4-5098-4204-AD72-E245518E12DD}.Debug|x86.ActiveCfg = Debug|Any CPU
		{CE84E4E4-5098-4204-AD72-E245518E12DD}.Debug|x86.Build.0 = Debug|Any CPU
		{CE84E4E4-5098-4204-AD72-E245518E12DD}.Release|Any CPU.ActiveCfg = Release|Any CPU
		{CE84E4E4-5098-4204-AD72-E245518E12DD}.Release|Any CPU.Build.0 = Release|Any CPU
		{CE84E4E4-5098-4204-AD72-E245518E12DD}.Release|x64.ActiveCfg = Release|Any CPU
		{CE84E4E4-5098-4204-AD72-E245518E12DD}.Release|x64.Build.0 = Release|Any CPU
		{CE84E4E4-5098-4204-AD72-E245518E12DD}.Release|x86.ActiveCfg = Release|Any CPU
		{CE84E4E4-5098-4204-AD72-E245518E12DD}.Release|x86.Build.0 = Release|Any CPU
		{FE3C6165-5A04-4EF4-AFC4-BC87AE1260DE}.Debug|Any CPU.ActiveCfg = Debug|Any CPU
		{FE3C6165-5A04-4EF4-AFC4-BC87AE1260DE}.Debug|Any CPU.Build.0 = Debug|Any CPU
		{FE3C6165-5A04-4EF4-AFC4-BC87AE1260DE}.Debug|x64.ActiveCfg = Debug|Any CPU
		{FE3C6165-5A04-4EF4-AFC4-BC87AE1260DE}.Debug|x64.Build.0 = Debug|Any CPU
		{FE3C6165-5A04-4EF4-AFC4-BC87AE1260DE}.Debug|x86.ActiveCfg = Debug|Any CPU
		{FE3C6165-5A04-4EF4-AFC4-BC87AE1260DE}.Debug|x86.Build.0 = Debug|Any CPU
		{FE3C6165-5A04-4EF4-AFC4-BC87AE1260DE}.Release|Any CPU.ActiveCfg = Release|Any CPU
		{FE3C6165-5A04-4EF4-AFC4-BC87AE1260DE}.Release|Any CPU.Build.0 = Release|Any CPU
		{FE3C6165-5A04-4EF4-AFC4-BC87AE1260DE}.Release|x64.ActiveCfg = Release|Any CPU
		{FE3C6165-5A04-4EF4-AFC4-BC87AE1260DE}.Release|x64.Build.0 = Release|Any CPU
		{FE3C6165-5A04-4EF4-AFC4-BC87AE1260DE}.Release|x86.ActiveCfg = Release|Any CPU
		{FE3C6165-5A04-4EF4-AFC4-BC87AE1260DE}.Release|x86.Build.0 = Release|Any CPU
		{8D202119-BBCE-42D1-A543-1BA935F53F12}.Debug|Any CPU.ActiveCfg = Debug|Any CPU
		{8D202119-BBCE-42D1-A543-1BA935F53F12}.Debug|Any CPU.Build.0 = Debug|Any CPU
		{8D202119-BBCE-42D1-A543-1BA935F53F12}.Debug|x64.ActiveCfg = Debug|Any CPU
		{8D202119-BBCE-42D1-A543-1BA935F53F12}.Debug|x64.Build.0 = Debug|Any CPU
		{8D202119-BBCE-42D1-A543-1BA935F53F12}.Debug|x86.ActiveCfg = Debug|Any CPU
		{8D202119-BBCE-42D1-A543-1BA935F53F12}.Debug|x86.Build.0 = Debug|Any CPU
		{8D202119-BBCE-42D1-A543-1BA935F53F12}.Release|Any CPU.ActiveCfg = Release|Any CPU
		{8D202119-BBCE-42D1-A543-1BA935F53F12}.Release|Any CPU.Build.0 = Release|Any CPU
		{8D202119-BBCE-42D1-A543-1BA935F53F12}.Release|x64.ActiveCfg = Release|Any CPU
		{8D202119-BBCE-42D1-A543-1BA935F53F12}.Release|x64.Build.0 = Release|Any CPU
		{8D202119-BBCE-42D1-A543-1BA935F53F12}.Release|x86.ActiveCfg = Release|Any CPU
		{8D202119-BBCE-42D1-A543-1BA935F53F12}.Release|x86.Build.0 = Release|Any CPU
		{F3F9E4E1-DADB-4697-A9FB-D9FD08A0131C}.Debug|Any CPU.ActiveCfg = Debug|Any CPU
		{F3F9E4E1-DADB-4697-A9FB-D9FD08A0131C}.Debug|Any CPU.Build.0 = Debug|Any CPU
		{F3F9E4E1-DADB-4697-A9FB-D9FD08A0131C}.Debug|x64.ActiveCfg = Debug|Any CPU
		{F3F9E4E1-DADB-4697-A9FB-D9FD08A0131C}.Debug|x64.Build.0 = Debug|Any CPU
		{F3F9E4E1-DADB-4697-A9FB-D9FD08A0131C}.Debug|x86.ActiveCfg = Debug|Any CPU
		{F3F9E4E1-DADB-4697-A9FB-D9FD08A0131C}.Debug|x86.Build.0 = Debug|Any CPU
		{F3F9E4E1-DADB-4697-A9FB-D9FD08A0131C}.Release|Any CPU.ActiveCfg = Release|Any CPU
		{F3F9E4E1-DADB-4697-A9FB-D9FD08A0131C}.Release|Any CPU.Build.0 = Release|Any CPU
		{F3F9E4E1-DADB-4697-A9FB-D9FD08A0131C}.Release|x64.ActiveCfg = Release|Any CPU
		{F3F9E4E1-DADB-4697-A9FB-D9FD08A0131C}.Release|x64.Build.0 = Release|Any CPU
		{F3F9E4E1-DADB-4697-A9FB-D9FD08A0131C}.Release|x86.ActiveCfg = Release|Any CPU
		{F3F9E4E1-DADB-4697-A9FB-D9FD08A0131C}.Release|x86.Build.0 = Release|Any CPU
		{91014B31-91EC-437A-B9A7-1CDB688F81F2}.Debug|Any CPU.ActiveCfg = Debug|Any CPU
		{91014B31-91EC-437A-B9A7-1CDB688F81F2}.Debug|Any CPU.Build.0 = Debug|Any CPU
		{91014B31-91EC-437A-B9A7-1CDB688F81F2}.Debug|x64.ActiveCfg = Debug|Any CPU
		{91014B31-91EC-437A-B9A7-1CDB688F81F2}.Debug|x64.Build.0 = Debug|Any CPU
		{91014B31-91EC-437A-B9A7-1CDB688F81F2}.Debug|x86.ActiveCfg = Debug|Any CPU
		{91014B31-91EC-437A-B9A7-1CDB688F81F2}.Debug|x86.Build.0 = Debug|Any CPU
		{91014B31-91EC-437A-B9A7-1CDB688F81F2}.Release|Any CPU.ActiveCfg = Release|Any CPU
		{91014B31-91EC-437A-B9A7-1CDB688F81F2}.Release|Any CPU.Build.0 = Release|Any CPU
		{91014B31-91EC-437A-B9A7-1CDB688F81F2}.Release|x64.ActiveCfg = Release|Any CPU
		{91014B31-91EC-437A-B9A7-1CDB688F81F2}.Release|x64.Build.0 = Release|Any CPU
		{91014B31-91EC-437A-B9A7-1CDB688F81F2}.Release|x86.ActiveCfg = Release|Any CPU
		{91014B31-91EC-437A-B9A7-1CDB688F81F2}.Release|x86.Build.0 = Release|Any CPU
		{0274D62E-CAEB-4E86-8453-E307C7ECD404}.Debug|Any CPU.ActiveCfg = Debug|Any CPU
		{0274D62E-CAEB-4E86-8453-E307C7ECD404}.Debug|Any CPU.Build.0 = Debug|Any CPU
		{0274D62E-CAEB-4E86-8453-E307C7ECD404}.Debug|x64.ActiveCfg = Debug|Any CPU
		{0274D62E-CAEB-4E86-8453-E307C7ECD404}.Debug|x64.Build.0 = Debug|Any CPU
		{0274D62E-CAEB-4E86-8453-E307C7ECD404}.Debug|x86.ActiveCfg = Debug|Any CPU
		{0274D62E-CAEB-4E86-8453-E307C7ECD404}.Debug|x86.Build.0 = Debug|Any CPU
		{0274D62E-CAEB-4E86-8453-E307C7ECD404}.Release|Any CPU.ActiveCfg = Release|Any CPU
		{0274D62E-CAEB-4E86-8453-E307C7ECD404}.Release|Any CPU.Build.0 = Release|Any CPU
		{0274D62E-CAEB-4E86-8453-E307C7ECD404}.Release|x64.ActiveCfg = Release|Any CPU
		{0274D62E-CAEB-4E86-8453-E307C7ECD404}.Release|x64.Build.0 = Release|Any CPU
		{0274D62E-CAEB-4E86-8453-E307C7ECD404}.Release|x86.ActiveCfg = Release|Any CPU
		{0274D62E-CAEB-4E86-8453-E307C7ECD404}.Release|x86.Build.0 = Release|Any CPU
		{ED9A9E3F-5E35-4521-920A-1B4434C4FA09}.Debug|Any CPU.ActiveCfg = Debug|Any CPU
		{ED9A9E3F-5E35-4521-920A-1B4434C4FA09}.Debug|Any CPU.Build.0 = Debug|Any CPU
		{ED9A9E3F-5E35-4521-920A-1B4434C4FA09}.Debug|x64.ActiveCfg = Debug|Any CPU
		{ED9A9E3F-5E35-4521-920A-1B4434C4FA09}.Debug|x64.Build.0 = Debug|Any CPU
		{ED9A9E3F-5E35-4521-920A-1B4434C4FA09}.Debug|x86.ActiveCfg = Debug|Any CPU
		{ED9A9E3F-5E35-4521-920A-1B4434C4FA09}.Debug|x86.Build.0 = Debug|Any CPU
		{ED9A9E3F-5E35-4521-920A-1B4434C4FA09}.Release|Any CPU.ActiveCfg = Release|Any CPU
		{ED9A9E3F-5E35-4521-920A-1B4434C4FA09}.Release|Any CPU.Build.0 = Release|Any CPU
		{ED9A9E3F-5E35-4521-920A-1B4434C4FA09}.Release|x64.ActiveCfg = Release|Any CPU
		{ED9A9E3F-5E35-4521-920A-1B4434C4FA09}.Release|x64.Build.0 = Release|Any CPU
		{ED9A9E3F-5E35-4521-920A-1B4434C4FA09}.Release|x86.ActiveCfg = Release|Any CPU
		{ED9A9E3F-5E35-4521-920A-1B4434C4FA09}.Release|x86.Build.0 = Release|Any CPU
		{78D98754-9B65-488B-801B-3B2A1432495D}.Debug|Any CPU.ActiveCfg = Debug|Any CPU
		{78D98754-9B65-488B-801B-3B2A1432495D}.Debug|Any CPU.Build.0 = Debug|Any CPU
		{78D98754-9B65-488B-801B-3B2A1432495D}.Debug|x64.ActiveCfg = Debug|Any CPU
		{78D98754-9B65-488B-801B-3B2A1432495D}.Debug|x64.Build.0 = Debug|Any CPU
		{78D98754-9B65-488B-801B-3B2A1432495D}.Debug|x86.ActiveCfg = Debug|Any CPU
		{78D98754-9B65-488B-801B-3B2A1432495D}.Debug|x86.Build.0 = Debug|Any CPU
		{78D98754-9B65-488B-801B-3B2A1432495D}.Release|Any CPU.ActiveCfg = Release|Any CPU
		{78D98754-9B65-488B-801B-3B2A1432495D}.Release|Any CPU.Build.0 = Release|Any CPU
		{78D98754-9B65-488B-801B-3B2A1432495D}.Release|x64.ActiveCfg = Release|Any CPU
		{78D98754-9B65-488B-801B-3B2A1432495D}.Release|x64.Build.0 = Release|Any CPU
		{78D98754-9B65-488B-801B-3B2A1432495D}.Release|x86.ActiveCfg = Release|Any CPU
		{78D98754-9B65-488B-801B-3B2A1432495D}.Release|x86.Build.0 = Release|Any CPU
		{21E7C9B7-E3A6-47E2-9421-30118A564C12}.Debug|Any CPU.ActiveCfg = Debug|Any CPU
		{21E7C9B7-E3A6-47E2-9421-30118A564C12}.Debug|Any CPU.Build.0 = Debug|Any CPU
		{21E7C9B7-E3A6-47E2-9421-30118A564C12}.Debug|x64.ActiveCfg = Debug|Any CPU
		{21E7C9B7-E3A6-47E2-9421-30118A564C12}.Debug|x64.Build.0 = Debug|Any CPU
		{21E7C9B7-E3A6-47E2-9421-30118A564C12}.Debug|x86.ActiveCfg = Debug|Any CPU
		{21E7C9B7-E3A6-47E2-9421-30118A564C12}.Debug|x86.Build.0 = Debug|Any CPU
		{21E7C9B7-E3A6-47E2-9421-30118A564C12}.Release|Any CPU.ActiveCfg = Release|Any CPU
		{21E7C9B7-E3A6-47E2-9421-30118A564C12}.Release|Any CPU.Build.0 = Release|Any CPU
		{21E7C9B7-E3A6-47E2-9421-30118A564C12}.Release|x64.ActiveCfg = Release|Any CPU
		{21E7C9B7-E3A6-47E2-9421-30118A564C12}.Release|x64.Build.0 = Release|Any CPU
		{21E7C9B7-E3A6-47E2-9421-30118A564C12}.Release|x86.ActiveCfg = Release|Any CPU
		{21E7C9B7-E3A6-47E2-9421-30118A564C12}.Release|x86.Build.0 = Release|Any CPU
		{E59F3BCA-07D9-4EC4-A5CA-D65EBDB4237D}.Debug|Any CPU.ActiveCfg = Debug|Any CPU
		{E59F3BCA-07D9-4EC4-A5CA-D65EBDB4237D}.Debug|Any CPU.Build.0 = Debug|Any CPU
		{E59F3BCA-07D9-4EC4-A5CA-D65EBDB4237D}.Debug|x64.ActiveCfg = Debug|Any CPU
		{E59F3BCA-07D9-4EC4-A5CA-D65EBDB4237D}.Debug|x64.Build.0 = Debug|Any CPU
		{E59F3BCA-07D9-4EC4-A5CA-D65EBDB4237D}.Debug|x86.ActiveCfg = Debug|Any CPU
		{E59F3BCA-07D9-4EC4-A5CA-D65EBDB4237D}.Debug|x86.Build.0 = Debug|Any CPU
		{E59F3BCA-07D9-4EC4-A5CA-D65EBDB4237D}.Release|Any CPU.ActiveCfg = Release|Any CPU
		{E59F3BCA-07D9-4EC4-A5CA-D65EBDB4237D}.Release|Any CPU.Build.0 = Release|Any CPU
		{E59F3BCA-07D9-4EC4-A5CA-D65EBDB4237D}.Release|x64.ActiveCfg = Release|Any CPU
		{E59F3BCA-07D9-4EC4-A5CA-D65EBDB4237D}.Release|x64.Build.0 = Release|Any CPU
		{E59F3BCA-07D9-4EC4-A5CA-D65EBDB4237D}.Release|x86.ActiveCfg = Release|Any CPU
		{E59F3BCA-07D9-4EC4-A5CA-D65EBDB4237D}.Release|x86.Build.0 = Release|Any CPU
		{77AA72DC-A346-4948-BCB8-43C5ADDF4F1B}.Debug|Any CPU.ActiveCfg = Debug|Any CPU
		{77AA72DC-A346-4948-BCB8-43C5ADDF4F1B}.Debug|Any CPU.Build.0 = Debug|Any CPU
		{77AA72DC-A346-4948-BCB8-43C5ADDF4F1B}.Debug|x64.ActiveCfg = Debug|Any CPU
		{77AA72DC-A346-4948-BCB8-43C5ADDF4F1B}.Debug|x64.Build.0 = Debug|Any CPU
		{77AA72DC-A346-4948-BCB8-43C5ADDF4F1B}.Debug|x86.ActiveCfg = Debug|Any CPU
		{77AA72DC-A346-4948-BCB8-43C5ADDF4F1B}.Debug|x86.Build.0 = Debug|Any CPU
		{77AA72DC-A346-4948-BCB8-43C5ADDF4F1B}.Release|Any CPU.ActiveCfg = Release|Any CPU
		{77AA72DC-A346-4948-BCB8-43C5ADDF4F1B}.Release|Any CPU.Build.0 = Release|Any CPU
		{77AA72DC-A346-4948-BCB8-43C5ADDF4F1B}.Release|x64.ActiveCfg = Release|Any CPU
		{77AA72DC-A346-4948-BCB8-43C5ADDF4F1B}.Release|x64.Build.0 = Release|Any CPU
		{77AA72DC-A346-4948-BCB8-43C5ADDF4F1B}.Release|x86.ActiveCfg = Release|Any CPU
		{77AA72DC-A346-4948-BCB8-43C5ADDF4F1B}.Release|x86.Build.0 = Release|Any CPU
		{65275E8F-FA9C-45FF-B8A6-1698160B7C04}.Debug|Any CPU.ActiveCfg = Debug|Any CPU
		{65275E8F-FA9C-45FF-B8A6-1698160B7C04}.Debug|Any CPU.Build.0 = Debug|Any CPU
		{65275E8F-FA9C-45FF-B8A6-1698160B7C04}.Debug|x64.ActiveCfg = Debug|Any CPU
		{65275E8F-FA9C-45FF-B8A6-1698160B7C04}.Debug|x64.Build.0 = Debug|Any CPU
		{65275E8F-FA9C-45FF-B8A6-1698160B7C04}.Debug|x86.ActiveCfg = Debug|Any CPU
		{65275E8F-FA9C-45FF-B8A6-1698160B7C04}.Debug|x86.Build.0 = Debug|Any CPU
		{65275E8F-FA9C-45FF-B8A6-1698160B7C04}.Release|Any CPU.ActiveCfg = Release|Any CPU
		{65275E8F-FA9C-45FF-B8A6-1698160B7C04}.Release|Any CPU.Build.0 = Release|Any CPU
		{65275E8F-FA9C-45FF-B8A6-1698160B7C04}.Release|x64.ActiveCfg = Release|Any CPU
		{65275E8F-FA9C-45FF-B8A6-1698160B7C04}.Release|x64.Build.0 = Release|Any CPU
		{65275E8F-FA9C-45FF-B8A6-1698160B7C04}.Release|x86.ActiveCfg = Release|Any CPU
		{65275E8F-FA9C-45FF-B8A6-1698160B7C04}.Release|x86.Build.0 = Release|Any CPU
		{7F77E8D5-D55B-400A-8092-C77009D95661}.Debug|Any CPU.ActiveCfg = Debug|Any CPU
		{7F77E8D5-D55B-400A-8092-C77009D95661}.Debug|Any CPU.Build.0 = Debug|Any CPU
		{7F77E8D5-D55B-400A-8092-C77009D95661}.Debug|x64.ActiveCfg = Debug|Any CPU
		{7F77E8D5-D55B-400A-8092-C77009D95661}.Debug|x64.Build.0 = Debug|Any CPU
		{7F77E8D5-D55B-400A-8092-C77009D95661}.Debug|x86.ActiveCfg = Debug|Any CPU
		{7F77E8D5-D55B-400A-8092-C77009D95661}.Debug|x86.Build.0 = Debug|Any CPU
		{7F77E8D5-D55B-400A-8092-C77009D95661}.Release|Any CPU.ActiveCfg = Release|Any CPU
		{7F77E8D5-D55B-400A-8092-C77009D95661}.Release|Any CPU.Build.0 = Release|Any CPU
		{7F77E8D5-D55B-400A-8092-C77009D95661}.Release|x64.ActiveCfg = Release|Any CPU
		{7F77E8D5-D55B-400A-8092-C77009D95661}.Release|x64.Build.0 = Release|Any CPU
		{7F77E8D5-D55B-400A-8092-C77009D95661}.Release|x86.ActiveCfg = Release|Any CPU
		{7F77E8D5-D55B-400A-8092-C77009D95661}.Release|x86.Build.0 = Release|Any CPU
		{15691465-DDA2-4E08-A57B-57D292BF35E9}.Debug|Any CPU.ActiveCfg = Debug|Any CPU
		{15691465-DDA2-4E08-A57B-57D292BF35E9}.Debug|Any CPU.Build.0 = Debug|Any CPU
		{15691465-DDA2-4E08-A57B-57D292BF35E9}.Debug|x64.ActiveCfg = Debug|Any CPU
		{15691465-DDA2-4E08-A57B-57D292BF35E9}.Debug|x64.Build.0 = Debug|Any CPU
		{15691465-DDA2-4E08-A57B-57D292BF35E9}.Debug|x86.ActiveCfg = Debug|Any CPU
		{15691465-DDA2-4E08-A57B-57D292BF35E9}.Debug|x86.Build.0 = Debug|Any CPU
		{15691465-DDA2-4E08-A57B-57D292BF35E9}.Release|Any CPU.ActiveCfg = Release|Any CPU
		{15691465-DDA2-4E08-A57B-57D292BF35E9}.Release|Any CPU.Build.0 = Release|Any CPU
		{15691465-DDA2-4E08-A57B-57D292BF35E9}.Release|x64.ActiveCfg = Release|Any CPU
		{15691465-DDA2-4E08-A57B-57D292BF35E9}.Release|x64.Build.0 = Release|Any CPU
		{15691465-DDA2-4E08-A57B-57D292BF35E9}.Release|x86.ActiveCfg = Release|Any CPU
		{15691465-DDA2-4E08-A57B-57D292BF35E9}.Release|x86.Build.0 = Release|Any CPU
		{782BFFA4-8BEB-4ADB-B108-BD532CF7C8D8}.Debug|Any CPU.ActiveCfg = Debug|Any CPU
		{782BFFA4-8BEB-4ADB-B108-BD532CF7C8D8}.Debug|Any CPU.Build.0 = Debug|Any CPU
		{782BFFA4-8BEB-4ADB-B108-BD532CF7C8D8}.Debug|x64.ActiveCfg = Debug|Any CPU
		{782BFFA4-8BEB-4ADB-B108-BD532CF7C8D8}.Debug|x64.Build.0 = Debug|Any CPU
		{782BFFA4-8BEB-4ADB-B108-BD532CF7C8D8}.Debug|x86.ActiveCfg = Debug|Any CPU
		{782BFFA4-8BEB-4ADB-B108-BD532CF7C8D8}.Debug|x86.Build.0 = Debug|Any CPU
		{782BFFA4-8BEB-4ADB-B108-BD532CF7C8D8}.Release|Any CPU.ActiveCfg = Release|Any CPU
		{782BFFA4-8BEB-4ADB-B108-BD532CF7C8D8}.Release|Any CPU.Build.0 = Release|Any CPU
		{782BFFA4-8BEB-4ADB-B108-BD532CF7C8D8}.Release|x64.ActiveCfg = Release|Any CPU
		{782BFFA4-8BEB-4ADB-B108-BD532CF7C8D8}.Release|x64.Build.0 = Release|Any CPU
		{782BFFA4-8BEB-4ADB-B108-BD532CF7C8D8}.Release|x86.ActiveCfg = Release|Any CPU
		{782BFFA4-8BEB-4ADB-B108-BD532CF7C8D8}.Release|x86.Build.0 = Release|Any CPU
		{3C32690D-EBC9-4E4B-B33B-AF53BD8376F9}.Debug|Any CPU.ActiveCfg = Debug|Any CPU
		{3C32690D-EBC9-4E4B-B33B-AF53BD8376F9}.Debug|Any CPU.Build.0 = Debug|Any CPU
		{3C32690D-EBC9-4E4B-B33B-AF53BD8376F9}.Debug|x64.ActiveCfg = Debug|Any CPU
		{3C32690D-EBC9-4E4B-B33B-AF53BD8376F9}.Debug|x64.Build.0 = Debug|Any CPU
		{3C32690D-EBC9-4E4B-B33B-AF53BD8376F9}.Debug|x86.ActiveCfg = Debug|Any CPU
		{3C32690D-EBC9-4E4B-B33B-AF53BD8376F9}.Debug|x86.Build.0 = Debug|Any CPU
		{3C32690D-EBC9-4E4B-B33B-AF53BD8376F9}.Release|Any CPU.ActiveCfg = Release|Any CPU
		{3C32690D-EBC9-4E4B-B33B-AF53BD8376F9}.Release|Any CPU.Build.0 = Release|Any CPU
		{3C32690D-EBC9-4E4B-B33B-AF53BD8376F9}.Release|x64.ActiveCfg = Release|Any CPU
		{3C32690D-EBC9-4E4B-B33B-AF53BD8376F9}.Release|x64.Build.0 = Release|Any CPU
		{3C32690D-EBC9-4E4B-B33B-AF53BD8376F9}.Release|x86.ActiveCfg = Release|Any CPU
		{3C32690D-EBC9-4E4B-B33B-AF53BD8376F9}.Release|x86.Build.0 = Release|Any CPU
		{1CCB305F-9195-4FA9-BBFC-896DC93E9123}.Debug|Any CPU.ActiveCfg = Debug|Any CPU
		{1CCB305F-9195-4FA9-BBFC-896DC93E9123}.Debug|Any CPU.Build.0 = Debug|Any CPU
		{1CCB305F-9195-4FA9-BBFC-896DC93E9123}.Debug|x64.ActiveCfg = Debug|Any CPU
		{1CCB305F-9195-4FA9-BBFC-896DC93E9123}.Debug|x64.Build.0 = Debug|Any CPU
		{1CCB305F-9195-4FA9-BBFC-896DC93E9123}.Debug|x86.ActiveCfg = Debug|Any CPU
		{1CCB305F-9195-4FA9-BBFC-896DC93E9123}.Debug|x86.Build.0 = Debug|Any CPU
		{1CCB305F-9195-4FA9-BBFC-896DC93E9123}.Release|Any CPU.ActiveCfg = Release|Any CPU
		{1CCB305F-9195-4FA9-BBFC-896DC93E9123}.Release|Any CPU.Build.0 = Release|Any CPU
		{1CCB305F-9195-4FA9-BBFC-896DC93E9123}.Release|x64.ActiveCfg = Release|Any CPU
		{1CCB305F-9195-4FA9-BBFC-896DC93E9123}.Release|x64.Build.0 = Release|Any CPU
		{1CCB305F-9195-4FA9-BBFC-896DC93E9123}.Release|x86.ActiveCfg = Release|Any CPU
		{1CCB305F-9195-4FA9-BBFC-896DC93E9123}.Release|x86.Build.0 = Release|Any CPU
		{E6602165-ACF9-4579-80CC-9F6406E3FE42}.Debug|Any CPU.ActiveCfg = Debug|Any CPU
		{E6602165-ACF9-4579-80CC-9F6406E3FE42}.Debug|Any CPU.Build.0 = Debug|Any CPU
		{E6602165-ACF9-4579-80CC-9F6406E3FE42}.Debug|x64.ActiveCfg = Debug|Any CPU
		{E6602165-ACF9-4579-80CC-9F6406E3FE42}.Debug|x64.Build.0 = Debug|Any CPU
		{E6602165-ACF9-4579-80CC-9F6406E3FE42}.Debug|x86.ActiveCfg = Debug|Any CPU
		{E6602165-ACF9-4579-80CC-9F6406E3FE42}.Debug|x86.Build.0 = Debug|Any CPU
		{E6602165-ACF9-4579-80CC-9F6406E3FE42}.Release|Any CPU.ActiveCfg = Release|Any CPU
		{E6602165-ACF9-4579-80CC-9F6406E3FE42}.Release|Any CPU.Build.0 = Release|Any CPU
		{E6602165-ACF9-4579-80CC-9F6406E3FE42}.Release|x64.ActiveCfg = Release|Any CPU
		{E6602165-ACF9-4579-80CC-9F6406E3FE42}.Release|x64.Build.0 = Release|Any CPU
		{E6602165-ACF9-4579-80CC-9F6406E3FE42}.Release|x86.ActiveCfg = Release|Any CPU
		{E6602165-ACF9-4579-80CC-9F6406E3FE42}.Release|x86.Build.0 = Release|Any CPU
	EndGlobalSection
	GlobalSection(SolutionProperties) = preSolution
		HideSolutionNode = FALSE
	EndGlobalSection
	GlobalSection(NestedProjects) = preSolution
		{19B37CD2-6CF1-48C3-8341-B796D0D3EE33} = {E84B025A-C398-582C-758C-E28A516F3CE2}
		{6BC38721-F3BC-49E3-B996-4AFA2399D747} = {E84B025A-C398-582C-758C-E28A516F3CE2}
		{EBBE3BEB-1EC3-4902-80B3-AD50F73A59A3} = {E84B025A-C398-582C-758C-E28A516F3CE2}
		{1AEED15A-59B5-4D92-85D5-42E7DAF6EBB9} = {E84B025A-C398-582C-758C-E28A516F3CE2}
		{C3A0D482-1E83-4BE9-9C81-5DE24C2E0783} = {E84B025A-C398-582C-758C-E28A516F3CE2}
		{86398E11-F80C-45FE-A572-00B855672E51} = {1C9E181A-E047-F5C3-6F10-91250C703163}
		{65AA9543-1AEE-4E15-9E0D-9D60E75ED686} = {1C9E181A-E047-F5C3-6F10-91250C703163}
		{5545D8DA-9866-460E-9BEF-9744E225848A} = {1C9E181A-E047-F5C3-6F10-91250C703163}
		{D2483BF9-CFD9-4D7A-AAD7-1161330D626C} = {1C9E181A-E047-F5C3-6F10-91250C703163}
		{CE84E4E4-5098-4204-AD72-E245518E12DD} = {1C9E181A-E047-F5C3-6F10-91250C703163}
		{FE3C6165-5A04-4EF4-AFC4-BC87AE1260DE} = {2FA89949-C014-61E3-9766-4043502A0423}
		{8D202119-BBCE-42D1-A543-1BA935F53F12} = {2FA89949-C014-61E3-9766-4043502A0423}
		{F3F9E4E1-DADB-4697-A9FB-D9FD08A0131C} = {2FA89949-C014-61E3-9766-4043502A0423}
		{91014B31-91EC-437A-B9A7-1CDB688F81F2} = {2FA89949-C014-61E3-9766-4043502A0423}
		{0274D62E-CAEB-4E86-8453-E307C7ECD404} = {2FA89949-C014-61E3-9766-4043502A0423}
		{ED9A9E3F-5E35-4521-920A-1B4434C4FA09} = {D98BC23F-492A-5506-B73E-7CEF4FADE9CA}
		{78D98754-9B65-488B-801B-3B2A1432495D} = {D98BC23F-492A-5506-B73E-7CEF4FADE9CA}
		{21E7C9B7-E3A6-47E2-9421-30118A564C12} = {D98BC23F-492A-5506-B73E-7CEF4FADE9CA}
		{E59F3BCA-07D9-4EC4-A5CA-D65EBDB4237D} = {D98BC23F-492A-5506-B73E-7CEF4FADE9CA}
		{77AA72DC-A346-4948-BCB8-43C5ADDF4F1B} = {D98BC23F-492A-5506-B73E-7CEF4FADE9CA}
		{65275E8F-FA9C-45FF-B8A6-1698160B7C04} = {C30EA34C-96E3-EEAB-A84E-085AED71DD06}
		{7F77E8D5-D55B-400A-8092-C77009D95661} = {C30EA34C-96E3-EEAB-A84E-085AED71DD06}
		{15691465-DDA2-4E08-A57B-57D292BF35E9} = {C30EA34C-96E3-EEAB-A84E-085AED71DD06}
		{782BFFA4-8BEB-4ADB-B108-BD532CF7C8D8} = {C30EA34C-96E3-EEAB-A84E-085AED71DD06}
		{3C32690D-EBC9-4E4B-B33B-AF53BD8376F9} = {C30EA34C-96E3-EEAB-A84E-085AED71DD06}
		{1CCB305F-9195-4FA9-BBFC-896DC93E9123} = {0052D9BC-1191-A0B5-3A4C-B2AB5C95B765}
		{E6602165-ACF9-4579-80CC-9F6406E3FE42} = {0052D9BC-1191-A0B5-3A4C-B2AB5C95B765}
	EndGlobalSection
EndGlobal
